lockfileVersion: '9.0'

settings:
  autoInstallPeers: true
  excludeLinksFromLockfile: false

importers:

  .:
    dependencies:
      discord.js:
        specifier: ^14.19.2
        version: 14.19.3
      mime-types:
        specifier: ^3.0.1
        version: 3.0.1
      nanoevents:
        specifier: ^9.1.0
        version: 9.1.0
      react:
        specifier: ^19.1.0
        version: 19.1.0
      react-reconciler:
        specifier: ^0.32.0
        version: 0.32.0(react@19.1.0)
      uuid:
        specifier: ^11.1.0
        version: 11.1.0
    devDependencies:
      '@types/mime-types':
        specifier: ^2.1.4
        version: 2.1.4
      '@types/react':
        specifier: npm:pure-react-types@^0.1.4
        version: pure-react-types@0.1.4
      '@types/react-reconciler':
        specifier: ^0.32.0
        version: 0.32.0(pure-react-types@0.1.4)
      '@types/uuid':
        specifier: ^10.0.0
        version: 10.0.0
      dotenv:
        specifier: ^16.5.0
        version: 16.5.0
      typedoc:
        specifier: ^0.28.5
        version: 0.28.5(typescript@5.8.3)
      typedoc-plugin-markdown:
        specifier: ^4.6.3
        version: 4.6.3(typedoc@0.28.5(typescript@5.8.3))
      typescript:
        specifier: 5.8.3
        version: 5.8.3

packages:

  '@discordjs/builders@1.11.2':
    resolution: {integrity: sha512-F1WTABdd8/R9D1icJzajC4IuLyyS8f3rTOz66JsSI3pKvpCAtsMBweu8cyNYsIyvcrKAVn9EPK+Psoymq+XC0A==}
    engines: {node: '>=16.11.0'}

  '@discordjs/collection@1.5.3':
    resolution: {integrity: sha512-SVb428OMd3WO1paV3rm6tSjM4wC+Kecaa1EUGX7vc6/fddvw/6lg90z4QtCqm21zvVe92vMMDt9+DkIvjXImQQ==}
    engines: {node: '>=16.11.0'}

  '@discordjs/collection@2.1.1':
    resolution: {integrity: sha512-LiSusze9Tc7qF03sLCujF5iZp7K+vRNEDBZ86FT9aQAv3vxMLihUvKvpsCWiQ2DJq1tVckopKm1rxomgNUc9hg==}
    engines: {node: '>=18'}

  '@discordjs/formatters@0.6.1':
    resolution: {integrity: sha512-5cnX+tASiPCqCWtFcFslxBVUaCetB0thvM/JyavhbXInP1HJIEU+Qv/zMrnuwSsX3yWH2lVXNJZeDK3EiP4HHg==}
    engines: {node: '>=16.11.0'}

  '@discordjs/rest@2.5.0':
    resolution: {integrity: sha512-PWhchxTzpn9EV3vvPRpwS0EE2rNYB9pvzDU/eLLW3mByJl0ZHZjHI2/wA8EbH2gRMQV7nu+0FoDF84oiPl8VAQ==}
    engines: {node: '>=18'}

  '@discordjs/util@1.1.1':
    resolution: {integrity: sha512-eddz6UnOBEB1oITPinyrB2Pttej49M9FZQY8NxgEvc3tq6ZICZ19m70RsmzRdDHk80O9NoYN/25AqJl8vPVf/g==}
    engines: {node: '>=18'}

  '@discordjs/ws@1.2.2':
    resolution: {integrity: sha512-dyfq7yn0wO0IYeYOs3z79I6/HumhmKISzFL0Z+007zQJMtAFGtt3AEoq1nuLXtcunUE5YYYQqgKvybXukAK8/w==}
    engines: {node: '>=16.11.0'}

  '@gerrit0/mini-shiki@3.4.2':
    resolution: {integrity: sha512-3jXo5bNjvvimvdbIhKGfFxSnKCX+MA8wzHv55ptzk/cx8wOzT+BRcYgj8aFN3yTiTs+zvQQiaZFr7Jce1ZG3fw==}

  '@sapphire/async-queue@1.5.5':
    resolution: {integrity: sha512-cvGzxbba6sav2zZkH8GPf2oGk9yYoD5qrNWdu9fRehifgnFZJMV+nuy2nON2roRO4yQQ+v7MK/Pktl/HgfsUXg==}
    engines: {node: '>=v14.0.0', npm: '>=7.0.0'}

  '@sapphire/shapeshift@4.0.0':
    resolution: {integrity: sha512-d9dUmWVA7MMiKobL3VpLF8P2aeanRTu6ypG2OIaEv/ZHH/SUQ2iHOVyi5wAPjQ+HmnMuL0whK9ez8I/raWbtIg==}
    engines: {node: '>=v16'}

  '@sapphire/snowflake@3.5.3':
    resolution: {integrity: sha512-jjmJywLAFoWeBi1W7994zZyiNWPIiqRRNAmSERxyg93xRGzNYvGjlZ0gR6x0F4gPRi2+0O6S71kOZYyr3cxaIQ==}
    engines: {node: '>=v14.0.0', npm: '>=7.0.0'}

  '@shikijs/engine-oniguruma@3.4.2':
    resolution: {integrity: sha512-zcZKMnNndgRa3ORja6Iemsr3DrLtkX3cAF7lTJkdMB6v9alhlBsX9uNiCpqofNrXOvpA3h6lHcLJxgCIhVOU5Q==}

  '@shikijs/langs@3.4.2':
    resolution: {integrity: sha512-H6azIAM+OXD98yztIfs/KH5H4PU39t+SREhmM8LaNXyUrqj2mx+zVkr8MWYqjceSjDw9I1jawm1WdFqU806rMA==}

  '@shikijs/themes@3.4.2':
    resolution: {integrity: sha512-qAEuAQh+brd8Jyej2UDDf+b4V2g1Rm8aBIdvt32XhDPrHvDkEnpb7Kzc9hSuHUxz0Iuflmq7elaDuQAP9bHIhg==}

  '@shikijs/types@3.4.2':
    resolution: {integrity: sha512-zHC1l7L+eQlDXLnxvM9R91Efh2V4+rN3oMVS2swCBssbj2U/FBwybD1eeLaq8yl/iwT+zih8iUbTBCgGZOYlVg==}

  '@shikijs/vscode-textmate@10.0.2':
    resolution: {integrity: sha512-83yeghZ2xxin3Nj8z1NMd/NCuca+gsYXswywDy5bHvwlWL8tpTQmzGeUuHd9FC3E/SBEMvzJRwWEOz5gGes9Qg==}

  '@types/hast@3.0.4':
    resolution: {integrity: sha512-WPs+bbQw5aCj+x6laNGWLH3wviHtoCv/P3+otBhbOhJgG8qtpdAMlTCxLtsTWA7LH1Oh/bFCHsBn0TPS5m30EQ==}

  '@types/mime-types@2.1.4':
    resolution: {integrity: sha512-lfU4b34HOri+kAY5UheuFMWPDOI+OPceBSHZKp69gEyTL/mmJ4cnU6Y/rlme3UL3GyOn6Y42hyIEw0/q8sWx5w==}

  '@types/node@22.15.24':
    resolution: {integrity: sha512-w9CZGm9RDjzTh/D+hFwlBJ3ziUaVw7oufKA3vOFSOZlzmW9AkZnfjPb+DLnrV6qtgL/LNmP0/2zBNCFHL3F0ng==}

  '@types/react-reconciler@0.32.0':
    resolution: {integrity: sha512-+WHarFkJevhH1s655qeeSEf/yxFST0dVRsmSqUgxG8mMOKqycgYBv2wVpyubBY7MX8KiX5FQ03rNIwrxfm7Bmw==}
    peerDependencies:
      '@types/react': '*'

  '@types/unist@3.0.3':
    resolution: {integrity: sha512-ko/gIFJRv177XgZsZcBwnqJN5x/Gien8qNOn0D5bQU/zAzVf9Zt3BlcUiLqhV9y4ARk0GbT3tnUiPNgnTXzc/Q==}

  '@types/uuid@10.0.0':
    resolution: {integrity: sha512-7gqG38EyHgyP1S+7+xomFtL+ZNHcKv6DwNaCZmJmo1vgMugyF3TCnXVg4t1uk89mLNwnLtnY3TpOpCOyp1/xHQ==}

  '@types/ws@8.18.1':
    resolution: {integrity: sha512-ThVF6DCVhA8kUGy+aazFQ4kXQ7E1Ty7A3ypFOe0IcJV8O/M511G99AW24irKrW56Wt44yG9+ij8FaqoBGkuBXg==}

  '@vladfrangu/async_event_emitter@2.4.6':
    resolution: {integrity: sha512-RaI5qZo6D2CVS6sTHFKg1v5Ohq/+Bo2LZ5gzUEwZ/WkHhwtGTCB/sVLw8ijOkAUxasZ+WshN/Rzj4ywsABJ5ZA==}
    engines: {node: '>=v14.0.0', npm: '>=7.0.0'}

  argparse@2.0.1:
    resolution: {integrity: sha512-8+9WqebbFzpX9OR+Wa6O29asIogeRMzcGtAINdpMHHyAg10f05aSFVBbcEqGf/PXw1EjAZ+q2/bEBg3DvurK3Q==}

  balanced-match@1.0.2:
    resolution: {integrity: sha512-3oSeUO0TMV67hN1AmbXsK4yaqU7tjiHlbxRDZOpH0KW9+CeX4bRAaX0Anxt0tx2MrpRpWwQaPwIlISEJhYU5Pw==}

  brace-expansion@2.0.1:
    resolution: {integrity: sha512-XnAIvQ8eM+kC6aULx6wuQiwVsnzsi9d3WxzV3FpWTGA19F621kwdbsAcFKXgKUHZWsy+mY6iL1sHTxWEFCytDA==}

  discord-api-types@0.38.8:
    resolution: {integrity: sha512-xuRXPD44FcbKHrQK15FS1HFlMRNJtsaZou/SVws18vQ7zHqmlxyDktMkZpyvD6gE2ctGOVYC/jUyoMMAyBWfcw==}

  discord.js@14.19.3:
    resolution: {integrity: sha512-lncTRk0k+8Q5D3nThnODBR8fR8x2fM798o8Vsr40Krx0DjPwpZCuxxTcFMrXMQVOqM1QB9wqWgaXPg3TbmlHqA==}
    engines: {node: '>=18'}

  dotenv@16.5.0:
    resolution: {integrity: sha512-m/C+AwOAr9/W1UOIZUo232ejMNnJAJtYQjUbHoNTBNTJSvqzzDh7vnrei3o3r3m9blf6ZoDkvcw0VmozNRFJxg==}
    engines: {node: '>=12'}

  entities@4.5.0:
    resolution: {integrity: sha512-V0hjH4dGPh9Ao5p0MoRY6BVqtwCjhz6vI5LT8AJ55H+4g9/4vbHx1I54fS0XuclLhDHArPQCiMjDxjaL8fPxhw==}
    engines: {node: '>=0.12'}

  fast-deep-equal@3.1.3:
    resolution: {integrity: sha512-f3qQ9oQy9j2AhBe/H9VC91wLmKBCCU/gDOnKNAYG5hswO7BLKj09Hc5HYNz9cGI++xlpDCIgDaitVs03ATR84Q==}

  linkify-it@5.0.0:
    resolution: {integrity: sha512-5aHCbzQRADcdP+ATqnDuhhJ/MRIqDkZX5pyjFHRRysS8vZ5AbqGEoFIb6pYHPZ+L/OC2Lc+xT8uHVVR5CAK/wQ==}

  lodash.snakecase@4.1.1:
    resolution: {integrity: sha512-QZ1d4xoBHYUeuouhEq3lk3Uq7ldgyFXGBhg04+oRLnIz8o9T65Eh+8YdroUwn846zchkA9yDsDl5CVVaV2nqYw==}

  lodash@4.17.21:
    resolution: {integrity: sha512-v2kDEe57lecTulaDIuNTPy3Ry4gLGJ6Z1O3vE1krgXZNrsQ+LFTGHVxVjcXPs17LhbZVGedAJv8XZ1tvj5FvSg==}

  lunr@2.3.9:
    resolution: {integrity: sha512-zTU3DaZaF3Rt9rhN3uBMGQD3dD2/vFQqnvZCDv4dl5iOzq2IZQqTxu90r4E5J+nP70J3ilqVCrbho2eWaeW8Ow==}

  magic-bytes.js@1.12.1:
    resolution: {integrity: sha512-ThQLOhN86ZkJ7qemtVRGYM+gRgR8GEXNli9H/PMvpnZsE44Xfh3wx9kGJaldg314v85m+bFW6WBMaVHJc/c3zA==}

  markdown-it@14.1.0:
    resolution: {integrity: sha512-a54IwgWPaeBCAAsv13YgmALOF1elABB08FxO9i+r4VFk5Vl4pKokRPeX8u5TCgSsPi6ec1otfLjdOpVcgbpshg==}
    hasBin: true

  mdurl@2.0.0:
    resolution: {integrity: sha512-Lf+9+2r+Tdp5wXDXC4PcIBjTDtq4UKjCPMQhKIuzpJNW0b96kVqSwW0bT7FhRSfmAiFYgP+SCRvdrDozfh0U5w==}

  mime-db@1.54.0:
    resolution: {integrity: sha512-aU5EJuIN2WDemCcAp2vFBfp/m4EAhWJnUNSSw0ixs7/kXbd6Pg64EmwJkNdFhB8aWt1sH2CTXrLxo/iAGV3oPQ==}
    engines: {node: '>= 0.6'}

  mime-types@3.0.1:
    resolution: {integrity: sha512-xRc4oEhT6eaBpU1XF7AjpOFD+xQmXNB5OVKwp4tqCuBpHLS/ZbBDrc07mYTDqVMg6PfxUjjNp85O6Cd2Z/5HWA==}
    engines: {node: '>= 0.6'}

  minimatch@9.0.5:
    resolution: {integrity: sha512-G6T0ZX48xgozx7587koeX9Ys2NYy6Gmv//P89sEte9V9whIapMNF4idKxnW2QtCcLiTWlb/wfCabAtAFWhhBow==}
    engines: {node: '>=16 || 14 >=14.17'}

  nanoevents@9.1.0:
    resolution: {integrity: sha512-Jd0fILWG44a9luj8v5kED4WI+zfkkgwKyRQKItTtlPfEsh7Lznfi1kr8/iZ+XAIss4Qq5GqRB0qtWbaz9ceO/A==}
    engines: {node: ^18.0.0 || >=20.0.0}

  punycode.js@2.3.1:
    resolution: {integrity: sha512-uxFIHU0YlHYhDQtV4R9J6a52SLx28BCjT+4ieh7IGbgwVJWO+km431c4yRlREUAsAmt/uMjQUyQHNEPf0M39CA==}
    engines: {node: '>=6'}

  pure-react-types@0.1.4:
    resolution: {integrity: sha512-8y1P/kWmo839jDqhLnaTAatjwU2SVjs34iwOwYtiMdcfGLBGiOrUTPjpb9hOgTB3cPNuAT0q90AtmPEIp1zJxA==}

  react-reconciler@0.32.0:
    resolution: {integrity: sha512-2NPMOzgTlG0ZWdIf3qG+dcbLSoAc/uLfOwckc3ofy5sSK0pLJqnQLpUFxvGcN2rlXSjnVtGeeFLNimCQEj5gOQ==}
    engines: {node: '>=0.10.0'}
    peerDependencies:
      react: ^19.1.0

  react@19.1.0:
    resolution: {integrity: sha512-FS+XFBNvn3GTAWq26joslQgWNoFu08F4kl0J4CgdNKADkdSGXQyTCnKteIAJy96Br6YbpEU1LSzV5dYtjMkMDg==}
    engines: {node: '>=0.10.0'}

  scheduler@0.26.0:
    resolution: {integrity: sha512-NlHwttCI/l5gCPR3D1nNXtWABUmBwvZpEQiD4IXSbIDq8BzLIK/7Ir5gTFSGZDUu37K5cMNp0hFtzO38sC7gWA==}

  ts-mixer@6.0.4:
    resolution: {integrity: sha512-ufKpbmrugz5Aou4wcr5Wc1UUFWOLhq+Fm6qa6P0w0K5Qw2yhaUoiWszhCVuNQyNwrlGiscHOmqYoAox1PtvgjA==}

  tslib@2.8.1:
    resolution: {integrity: sha512-oJFu94HQb+KVduSUQL7wnpmqnfmLsOA/nAh6b6EH0wCEoK0/mPeXU6c3wKDV83MkOuHPRHtSXKKU99IBazS/2w==}

  typedoc-plugin-markdown@4.6.3:
    resolution: {integrity: sha512-86oODyM2zajXwLs4Wok2mwVEfCwCnp756QyhLGX2IfsdRYr1DXLCgJgnLndaMUjJD7FBhnLk2okbNE9PdLxYRw==}
    engines: {node: '>= 18'}
    peerDependencies:
      typedoc: 0.28.x

  typedoc@0.28.5:
    resolution: {integrity: sha512-5PzUddaA9FbaarUzIsEc4wNXCiO4Ot3bJNeMF2qKpYlTmM9TTaSHQ7162w756ERCkXER/+o2purRG6YOAv6EMA==}
    engines: {node: '>= 18', pnpm: '>= 10'}
    hasBin: true
    peerDependencies:
      typescript: 5.0.x || 5.1.x || 5.2.x || 5.3.x || 5.4.x || 5.5.x || 5.6.x || 5.7.x || 5.8.x

  typescript@5.8.3:
    resolution: {integrity: sha512-p1diW6TqL9L07nNxvRMM7hMMw4c5XOo/1ibL4aAIGmSAt9slTE1Xgw5KWuof2uTOvCg9BY7ZRi+GaF+7sfgPeQ==}
    engines: {node: '>=14.17'}
    hasBin: true

  uc.micro@2.1.0:
    resolution: {integrity: sha512-ARDJmphmdvUk6Glw7y9DQ2bFkKBHwQHLi2lsaH6PPmz/Ka9sFOBsBluozhDltWmnv9u/cF6Rt87znRTPV+yp/A==}

  undici-types@6.21.0:
    resolution: {integrity: sha512-iwDZqg0QAGrg9Rav5H4n0M64c3mkR59cJ6wQp+7C4nI0gsmExaedaYLNO44eT4AtBBwjbTiGPMlt2Md0T9H9JQ==}

  undici@6.21.1:
    resolution: {integrity: sha512-q/1rj5D0/zayJB2FraXdaWxbhWiNKDvu8naDT2dl1yTlvJp4BLtOcp2a5BvgGNQpYYJzau7tf1WgKv3b+7mqpQ==}
    engines: {node: '>=18.17'}

  uuid@11.1.0:
    resolution: {integrity: sha512-0/A9rDy9P7cJ+8w1c9WD9V//9Wj15Ce2MPz8Ri6032usz+NfePxx5AcN3bN+r6ZL6jEo066/yNYB3tn4pQEx+A==}
    hasBin: true

  ws@8.18.2:
    resolution: {integrity: sha512-DMricUmwGZUVr++AEAe2uiVM7UoO9MAVZMDu05UQOaUII0lp+zOzLLU4Xqh/JvTqklB1T4uELaaPBKyjE1r4fQ==}
    engines: {node: '>=10.0.0'}
    peerDependencies:
      bufferutil: ^4.0.1
      utf-8-validate: '>=5.0.2'
    peerDependenciesMeta:
      bufferutil:
        optional: true
      utf-8-validate:
        optional: true

  yaml@2.8.0:
    resolution: {integrity: sha512-4lLa/EcQCB0cJkyts+FpIRx5G/llPxfP6VQU5KByHEhLxY3IJCH0f0Hy1MHI8sClTvsIb8qwRJ6R/ZdlDJ/leQ==}
    engines: {node: '>= 14.6'}
    hasBin: true

snapshots:

  '@discordjs/builders@1.11.2':
    dependencies:
      '@discordjs/formatters': 0.6.1
      '@discordjs/util': 1.1.1
      '@sapphire/shapeshift': 4.0.0
      discord-api-types: 0.38.8
      fast-deep-equal: 3.1.3
      ts-mixer: 6.0.4
      tslib: 2.8.1

  '@discordjs/collection@1.5.3': {}

  '@discordjs/collection@2.1.1': {}

  '@discordjs/formatters@0.6.1':
    dependencies:
      discord-api-types: 0.38.8

  '@discordjs/rest@2.5.0':
    dependencies:
      '@discordjs/collection': 2.1.1
      '@discordjs/util': 1.1.1
      '@sapphire/async-queue': 1.5.5
      '@sapphire/snowflake': 3.5.3
      '@vladfrangu/async_event_emitter': 2.4.6
      discord-api-types: 0.38.8
      magic-bytes.js: 1.12.1
      tslib: 2.8.1
      undici: 6.21.1

  '@discordjs/util@1.1.1': {}

  '@discordjs/ws@1.2.2':
    dependencies:
      '@discordjs/collection': 2.1.1
      '@discordjs/rest': 2.5.0
      '@discordjs/util': 1.1.1
      '@sapphire/async-queue': 1.5.5
      '@types/ws': 8.18.1
      '@vladfrangu/async_event_emitter': 2.4.6
      discord-api-types: 0.38.8
      tslib: 2.8.1
      ws: 8.18.2
    transitivePeerDependencies:
      - bufferutil
      - utf-8-validate

  '@gerrit0/mini-shiki@3.4.2':
    dependencies:
      '@shikijs/engine-oniguruma': 3.4.2
      '@shikijs/langs': 3.4.2
      '@shikijs/themes': 3.4.2
      '@shikijs/types': 3.4.2
      '@shikijs/vscode-textmate': 10.0.2

  '@sapphire/async-queue@1.5.5': {}

  '@sapphire/shapeshift@4.0.0':
    dependencies:
      fast-deep-equal: 3.1.3
      lodash: 4.17.21

  '@sapphire/snowflake@3.5.3': {}

  '@shikijs/engine-oniguruma@3.4.2':
    dependencies:
      '@shikijs/types': 3.4.2
      '@shikijs/vscode-textmate': 10.0.2

  '@shikijs/langs@3.4.2':
    dependencies:
      '@shikijs/types': 3.4.2

  '@shikijs/themes@3.4.2':
    dependencies:
      '@shikijs/types': 3.4.2

  '@shikijs/types@3.4.2':
    dependencies:
      '@shikijs/vscode-textmate': 10.0.2
      '@types/hast': 3.0.4

  '@shikijs/vscode-textmate@10.0.2': {}

  '@types/hast@3.0.4':
    dependencies:
      '@types/unist': 3.0.3

  '@types/mime-types@2.1.4': {}

  '@types/node@22.15.24':
    dependencies:
      undici-types: 6.21.0

  '@types/react-reconciler@0.32.0(pure-react-types@0.1.4)':
    dependencies:
      '@types/react': pure-react-types@0.1.4

  '@types/unist@3.0.3': {}

  '@types/uuid@10.0.0': {}

  '@types/ws@8.18.1':
    dependencies:
      '@types/node': 22.15.24

  '@vladfrangu/async_event_emitter@2.4.6': {}

  argparse@2.0.1: {}

  balanced-match@1.0.2: {}

  brace-expansion@2.0.1:
    dependencies:
      balanced-match: 1.0.2

  discord-api-types@0.38.8: {}

  discord.js@14.19.3:
    dependencies:
      '@discordjs/builders': 1.11.2
      '@discordjs/collection': 1.5.3
      '@discordjs/formatters': 0.6.1
      '@discordjs/rest': 2.5.0
      '@discordjs/util': 1.1.1
      '@discordjs/ws': 1.2.2
      '@sapphire/snowflake': 3.5.3
      discord-api-types: 0.38.8
      fast-deep-equal: 3.1.3
      lodash.snakecase: 4.1.1
      magic-bytes.js: 1.12.1
      tslib: 2.8.1
      undici: 6.21.1
    transitivePeerDependencies:
      - bufferutil
      - utf-8-validate

  dotenv@16.5.0: {}

  entities@4.5.0: {}

  fast-deep-equal@3.1.3: {}

  linkify-it@5.0.0:
    dependencies:
      uc.micro: 2.1.0

  lodash.snakecase@4.1.1: {}

  lodash@4.17.21: {}

  lunr@2.3.9: {}

  magic-bytes.js@1.12.1: {}

  markdown-it@14.1.0:
    dependencies:
      argparse: 2.0.1
      entities: 4.5.0
      linkify-it: 5.0.0
      mdurl: 2.0.0
      punycode.js: 2.3.1
      uc.micro: 2.1.0

  mdurl@2.0.0: {}

  mime-db@1.54.0: {}

  mime-types@3.0.1:
    dependencies:
      mime-db: 1.54.0

  minimatch@9.0.5:
    dependencies:
      brace-expansion: 2.0.1

  nanoevents@9.1.0: {}

  punycode.js@2.3.1: {}

  pure-react-types@0.1.4: {}

  react-reconciler@0.32.0(react@19.1.0):
    dependencies:
      react: 19.1.0
      scheduler: 0.26.0

  react@19.1.0: {}

  scheduler@0.26.0: {}

  ts-mixer@6.0.4: {}

  tslib@2.8.1: {}

  typedoc-plugin-markdown@4.6.3(typedoc@0.28.5(typescript@5.8.3)):
    dependencies:
      typedoc: 0.28.5(typescript@5.8.3)

  typedoc@0.28.5(typescript@5.8.3):
    dependencies:
      '@gerrit0/mini-shiki': 3.4.2
      lunr: 2.3.9
      markdown-it: 14.1.0
      minimatch: 9.0.5
      typescript: 5.8.3
      yaml: 2.8.0

  typescript@5.8.3: {}

  uc.micro@2.1.0: {}

  undici-types@6.21.0: {}

  undici@6.21.1: {}

  uuid@11.1.0: {}

  ws@8.18.2: {}

  yaml@2.8.0: {}
